{
  "lockfileVersion": 1,
  "configVersion": 1,
  "workspaces": {
    "": {
      "name": "grain-example",
      "dependencies": {
        "jose": "^6.2.4",
      },
    },
  },
  "packages": {
    "jose": ["jose@6.2.5", "", {}, "sha512-2E5L2yRp03FnwreJLJX8/r7mHiZICCf8kG7fAsTWkSQTDAcc46NIZoQLKy+EJ8sPoJlxyS4OQR5H70LjIZZlIQ=="],
  }
}
